dependencies:
- name: analysis-service
  repository: file://../analysis-service
  version: 0.1.0
- name: analysis-service
  repository: file://../analysis-api-service
  version: 0.1.0
- name: access-control-service
  repository: file://../access-control-service
  version: 0.1.0
- name: channel-service
  repository: file://../channel-service
  version: 0.1.0
- name: management-service
  repository: file://../management-service
  version: 0.1.0
- name: measurement-service
  repository: file://../measurement-service
  version: 0.1.0
- name: local-ingress
  repository: file://../local-ingress
  version: 0.1.0
- name: web
  repository: file://../web
  version: 0.1.0
digest: sha256:90bdf8b79629c53fc2d47bd32f2fec2fe0254d1b4462138a08d5dd04587c6aee
generated: "2021-09-03T09:40:11.7400627+03:00"
